
Microsoft Visual Studio Solution File, Format Version 12.00
# Visual Studio 2013
VisualStudioVersion = 12.0.30501.0
MinimumVisualStudioVersion = 10.0.40219.1
Project("{FAE04EC0-301F-11D3-BF4B-00C04F79EFBC}") = "Laboratorio1", "Laboratorio1\Laboratorio1.csproj", "{0FF1AB90-3B29-4421-8E84-1669AB9DFAA3}"
EndProject
Project("{FAE04EC0-301F-11D3-BF4B-00C04F79EFBC}") = "Integracion", "Integracion\Integracion.csproj", "{D4B2DE85-D833-49FD-86B1-7975C164EF79}"
EndProject
Project("{FAE04EC0-301F-11D3-BF4B-00C04F79EFBC}") = "WcfIntegral", "WcfIntegral\WcfIntegral.csproj", "{15FBC032-5412-479A-B35B-6BB445B5867D}"
EndProject
Global
	GlobalSection(SolutionConfigurationPlatforms) = preSolution
		Debug|Any CPU = Debug|Any CPU
		Release|Any CPU = Release|Any CPU
	EndGlobalSection
	GlobalSection(ProjectConfigurationPlatforms) = postSolution
		{0FF1AB90-3B29-4421-8E84-1669AB9DFAA3}.Debug|Any CPU.ActiveCfg = Debug|Any CPU
		{0FF1AB90-3B29-4421-8E84-1669AB9DFAA3}.Debug|Any CPU.Build.0 = Debug|Any CPU
		{0FF1AB90-3B29-4421-8E84-1669AB9DFAA3}.Release|Any CPU.ActiveCfg = Release|Any CPU
		{0FF1AB90-3B29-4421-8E84-1669AB9DFAA3}.Release|Any CPU.Build.0 = Release|Any CPU
		{D4B2DE85-D833-49FD-86B1-7975C164EF79}.Debug|Any CPU.ActiveCfg = Debug|Any CPU
		{D4B2DE85-D833-49FD-86B1-7975C164EF79}.Debug|Any CPU.Build.0 = Debug|Any CPU
		{D4B2DE85-D833-49FD-86B1-7975C164EF79}.Release|Any CPU.ActiveCfg = Release|Any CPU
		{D4B2DE85-D833-49FD-86B1-7975C164EF79}.Release|Any CPU.Build.0 = Release|Any CPU
		{15FBC032-5412-479A-B35B-6BB445B5867D}.Debug|Any CPU.ActiveCfg = Debug|Any CPU
		{15FBC032-5412-479A-B35B-6BB445B5867D}.Debug|Any CPU.Build.0 = Debug|Any CPU
		{15FBC032-5412-479A-B35B-6BB445B5867D}.Release|Any CPU.ActiveCfg = Release|Any CPU
		{15FBC032-5412-479A-B35B-6BB445B5867D}.Release|Any CPU.Build.0 = Release|Any CPU
	EndGlobalSection
	GlobalSection(SolutionProperties) = preSolution
		HideSolutionNode = FALSE
	EndGlobalSection
EndGlobal
